
Microsoft Visual Studio Solution File, Format Version 12.00
# Visual Studio 15
VisualStudioVersion = 15.0.27703.2035
MinimumVisualStudioVersion = 10.0.40219.1
Project("{FAE04EC0-301F-11D3-BF4B-00C04F79EFBC}") = "CICDSample", "CICDSample\CICDSample.csproj", "{CEDAA2B1-ED70-42FC-9368-9F31AC7EE3C2}"
EndProject
Project("{FAE04EC0-301F-11D3-BF4B-00C04F79EFBC}") = "CICDSample.Tests", "CICDSample.Tests\CICDSample.Tests.csproj", "{BF7B1533-5BB6-4586-B271-6244B6EDF0D9}"
EndProject
Project("{FAE04EC0-301F-11D3-BF4B-00C04F79EFBC}") = "BAL", "BAL\BAL.csproj", "{C9C7B00C-FB92-44BA-953D-EB6914D8F95B}"
EndProject
Global
	GlobalSection(SolutionConfigurationPlatforms) = preSolution
		Debug|Any CPU = Debug|Any CPU
		Release|Any CPU = Release|Any CPU
	EndGlobalSection
	GlobalSection(ProjectConfigurationPlatforms) = postSolution
		{CEDAA2B1-ED70-42FC-9368-9F31AC7EE3C2}.Debug|Any CPU.ActiveCfg = Debug|Any CPU
		{CEDAA2B1-ED70-42FC-9368-9F31AC7EE3C2}.Debug|Any CPU.Build.0 = Debug|Any CPU
		{CEDAA2B1-ED70-42FC-9368-9F31AC7EE3C2}.Release|Any CPU.ActiveCfg = Release|Any CPU
		{CEDAA2B1-ED70-42FC-9368-9F31AC7EE3C2}.Release|Any CPU.Build.0 = Release|Any CPU
		{BF7B1533-5BB6-4586-B271-6244B6EDF0D9}.Debug|Any CPU.ActiveCfg = Debug|Any CPU
		{BF7B1533-5BB6-4586-B271-6244B6EDF0D9}.Debug|Any CPU.Build.0 = Debug|Any CPU
		{BF7B1533-5BB6-4586-B271-6244B6EDF0D9}.Release|Any CPU.ActiveCfg = Release|Any CPU
		{BF7B1533-5BB6-4586-B271-6244B6EDF0D9}.Release|Any CPU.Build.0 = Release|Any CPU
		{C9C7B00C-FB92-44BA-953D-EB6914D8F95B}.Debug|Any CPU.ActiveCfg = Debug|Any CPU
		{C9C7B00C-FB92-44BA-953D-EB6914D8F95B}.Debug|Any CPU.Build.0 = Debug|Any CPU
		{C9C7B00C-FB92-44BA-953D-EB6914D8F95B}.Release|Any CPU.ActiveCfg = Release|Any CPU
		{C9C7B00C-FB92-44BA-953D-EB6914D8F95B}.Release|Any CPU.Build.0 = Release|Any CPU
	EndGlobalSection
	GlobalSection(SolutionProperties) = preSolution
		HideSolutionNode = FALSE
	EndGlobalSection
	GlobalSection(ExtensibilityGlobals) = postSolution
		SolutionGuid = {48A6D302-25C1-4902-BCB5-D4179B47079E}
	EndGlobalSection
EndGlobal
